
Microsoft Visual Studio Solution File, Format Version 12.00
# Visual Studio Version 17
VisualStudioVersion = 17.0.32112.339
MinimumVisualStudioVersion = 10.0.40219.1
Project("{9A19103F-16F7-4668-BE54-9A1E7A4F7556}") = "M001", "M001\M001.csproj", "{A3E49A2A-89B6-4ACF-B77C-D12FDFD0D87C}"
EndProject
Project("{9A19103F-16F7-4668-BE54-9A1E7A4F7556}") = "M002", "M002\M002.csproj", "{DA79971E-0766-4FCF-937C-26A3B6D6E20B}"
EndProject
Project("{9A19103F-16F7-4668-BE54-9A1E7A4F7556}") = "M003", "M003\M003.csproj", "{CB24124C-11AF-4DFE-883E-CA0C9FFCA052}"
EndProject
Project("{9A19103F-16F7-4668-BE54-9A1E7A4F7556}") = "M004", "M004\M004.csproj", "{1AAFA2F4-F9BB-4F73-A37B-141EE22FE8B2}"
EndProject
Project("{9A19103F-16F7-4668-BE54-9A1E7A4F7556}") = "M005", "M005\M005.csproj", "{AD028F3C-D837-47C5-9C19-6DDA7077FDBC}"
EndProject
Project("{FAE04EC0-301F-11D3-BF4B-00C04F79EFBC}") = "M006", "M006\M006.csproj", "{4439DC14-8903-42F6-B4C0-6939E4A99425}"
EndProject
Project("{FAE04EC0-301F-11D3-BF4B-00C04F79EFBC}") = "M007", "M007\M007.csproj", "{6609A19E-8FE9-413C-B5B8-958653863B14}"
EndProject
Global
	GlobalSection(SolutionConfigurationPlatforms) = preSolution
		Debug|Any CPU = Debug|Any CPU
		Release|Any CPU = Release|Any CPU
	EndGlobalSection
	GlobalSection(ProjectConfigurationPlatforms) = postSolution
		{A3E49A2A-89B6-4ACF-B77C-D12FDFD0D87C}.Debug|Any CPU.ActiveCfg = Debug|Any CPU
		{A3E49A2A-89B6-4ACF-B77C-D12FDFD0D87C}.Debug|Any CPU.Build.0 = Debug|Any CPU
		{A3E49A2A-89B6-4ACF-B77C-D12FDFD0D87C}.Release|Any CPU.ActiveCfg = Release|Any CPU
		{A3E49A2A-89B6-4ACF-B77C-D12FDFD0D87C}.Release|Any CPU.Build.0 = Release|Any CPU
		{DA79971E-0766-4FCF-937C-26A3B6D6E20B}.Debug|Any CPU.ActiveCfg = Debug|Any CPU
		{DA79971E-0766-4FCF-937C-26A3B6D6E20B}.Debug|Any CPU.Build.0 = Debug|Any CPU
		{DA79971E-0766-4FCF-937C-26A3B6D6E20B}.Release|Any CPU.ActiveCfg = Release|Any CPU
		{DA79971E-0766-4FCF-937C-26A3B6D6E20B}.Release|Any CPU.Build.0 = Release|Any CPU
		{CB24124C-11AF-4DFE-883E-CA0C9FFCA052}.Debug|Any CPU.ActiveCfg = Debug|Any CPU
		{CB24124C-11AF-4DFE-883E-CA0C9FFCA052}.Debug|Any CPU.Build.0 = Debug|Any CPU
		{CB24124C-11AF-4DFE-883E-CA0C9FFCA052}.Release|Any CPU.ActiveCfg = Release|Any CPU
		{CB24124C-11AF-4DFE-883E-CA0C9FFCA052}.Release|Any CPU.Build.0 = Release|Any CPU
		{1AAFA2F4-F9BB-4F73-A37B-141EE22FE8B2}.Debug|Any CPU.ActiveCfg = Debug|Any CPU
		{1AAFA2F4-F9BB-4F73-A37B-141EE22FE8B2}.Debug|Any CPU.Build.0 = Debug|Any CPU
		{1AAFA2F4-F9BB-4F73-A37B-141EE22FE8B2}.Release|Any CPU.ActiveCfg = Release|Any CPU
		{1AAFA2F4-F9BB-4F73-A37B-141EE22FE8B2}.Release|Any CPU.Build.0 = Release|Any CPU
		{AD028F3C-D837-47C5-9C19-6DDA7077FDBC}.Debug|Any CPU.ActiveCfg = Debug|Any CPU
		{AD028F3C-D837-47C5-9C19-6DDA7077FDBC}.Debug|Any CPU.Build.0 = Debug|Any CPU
		{AD028F3C-D837-47C5-9C19-6DDA7077FDBC}.Release|Any CPU.ActiveCfg = Release|Any CPU
		{AD028F3C-D837-47C5-9C19-6DDA7077FDBC}.Release|Any CPU.Build.0 = Release|Any CPU
		{4439DC14-8903-42F6-B4C0-6939E4A99425}.Debug|Any CPU.ActiveCfg = Debug|Any CPU
		{4439DC14-8903-42F6-B4C0-6939E4A99425}.Debug|Any CPU.Build.0 = Debug|Any CPU
		{4439DC14-8903-42F6-B4C0-6939E4A99425}.Release|Any CPU.ActiveCfg = Release|Any CPU
		{4439DC14-8903-42F6-B4C0-6939E4A99425}.Release|Any CPU.Build.0 = Release|Any CPU
		{6609A19E-8FE9-413C-B5B8-958653863B14}.Debug|Any CPU.ActiveCfg = Debug|Any CPU
		{6609A19E-8FE9-413C-B5B8-958653863B14}.Debug|Any CPU.Build.0 = Debug|Any CPU
		{6609A19E-8FE9-413C-B5B8-958653863B14}.Release|Any CPU.ActiveCfg = Release|Any CPU
		{6609A19E-8FE9-413C-B5B8-958653863B14}.Release|Any CPU.Build.0 = Release|Any CPU
	EndGlobalSection
	GlobalSection(SolutionProperties) = preSolution
		HideSolutionNode = FALSE
	EndGlobalSection
	GlobalSection(ExtensibilityGlobals) = postSolution
		SolutionGuid = {7A9CE2C8-32B5-42FB-A73F-FB44F882C0A1}
	EndGlobalSection
EndGlobal
